// !$*UTF8*$!
{
	archiveVersion = 1;
	classes = {
	};
	objectVersion = 56;
	objects = {

/* Begin PBXBuildFile section */
		77DEAD182EAC0BAD007FF968 /* Assets.xcassets in Resources */ = {isa = PBXBuildFile; fileRef = 77DEAD172EAC0BAD007FF968 /* Assets.xcassets */; };
		77DEAD1C2EAC0BAD007FF968 /* Preview Assets.xcassets in Resources */ = {isa = PBXBuildFile; fileRef = 77DEAD1B2EAC0BAD007FF968 /* Preview Assets.xcassets */; };
		77DEAD262EAC0BAD007FF968 /* What_s_In_My_FridgeTests.swift in Sources */ = {isa = PBXBuildFile; fileRef = 77DEAD252EAC0BAD007FF968 /* What_s_In_My_FridgeTests.swift */; };
		77DEAD302EAC0BAD007FF968 /* What_s_In_My_FridgeUITests.swift in Sources */ = {isa = PBXBuildFile; fileRef = 77DEAD2F2EAC0BAD007FF968 /* What_s_In_My_FridgeUITests.swift */; };
		77DEAD322EAC0BAD007FF968 /* What_s_In_My_FridgeUITestsLaunchTests.swift in Sources */ = {isa = PBXBuildFile; fileRef = 77DEAD312EAC0BAD007FF968 /* What_s_In_My_FridgeUITestsLaunchTests.swift */; };
		77FACA842EAC2B320076172A /* RecipeDetailView.swift in Sources */ = {isa = PBXBuildFile; fileRef = 77DEAD482EAC227D007FF968 /* RecipeDetailView.swift */; };
		77FACA852EAC2B320076172A /* What_s_In_My_FridgeApp.swift in Sources */ = {isa = PBXBuildFile; fileRef = 77DEAD0E2EAC0BAB007FF968 /* What_s_In_My_FridgeApp.swift */; };
		77FACA862EAC2B320076172A /* Persistence.swift in Sources */ = {isa = PBXBuildFile; fileRef = 77DEAD102EAC0BAB007FF968 /* Persistence.swift */; };
		77FACA872EAC2B3B0076172A /* ContentView.swift in Sources */ = {isa = PBXBuildFile; fileRef = 77DEAD152EAC0BAB007FF968 /* ContentView.swift */; };
		77FACA882EAC2B3B0076172A /* RecipeModels.swift in Sources */ = {isa = PBXBuildFile; fileRef = 77DEAD432EAC170B007FF968 /* RecipeModels.swift */; };
		77FACA892EAC2B3B0076172A /* RecipeService.swift in Sources */ = {isa = PBXBuildFile; fileRef = 77DEAD452EAC1737007FF968 /* RecipeService.swift */; };
		77FACA8D2EAC2C620076172A /* PantryModel.xcdatamodeld in Sources */ = {isa = PBXBuildFile; fileRef = 77DEAD3E2EAC1111007FF968 /* PantryModel.xcdatamodeld */; };
		77FACA8F2EAC32CF0076172A /* ShoppingListView.swift in Sources */ = {isa = PBXBuildFile; fileRef = 77FACA8E2EAC32CF0076172A /* ShoppingListView.swift */; };
		77FACA912EAC399D0076172A /* MainTabView.swift in Sources */ = {isa = PBXBuildFile; fileRef = 77FACA902EAC399D0076172A /* MainTabView.swift */; };
		77FACA932EAC3A5F0076172A /* PantryView.swift in Sources */ = {isa = PBXBuildFile; fileRef = 77FACA922EAC3A5F0076172A /* PantryView.swift */; };
		77FACA952EAC3A820076172A /* RecipeView.swift in Sources */ = {isa = PBXBuildFile; fileRef = 77FACA942EAC3A820076172A /* RecipeView.swift */; };
		77FACA972EAC3B990076172A /* DiscoverView.swift in Sources */ = {isa = PBXBuildFile; fileRef = 77FACA962EAC3B990076172A /* DiscoverView.swift */; };
		77FACA992EAC3CFA0076172A /* Theme.swift in Sources */ = {isa = PBXBuildFile; fileRef = 77FACA982EAC3CFA0076172A /* Theme.swift */; };
		77FACA9B2EAC3D220076172A /* RecipeCardView.swift in Sources */ = {isa = PBXBuildFile; fileRef = 77FACA9A2EAC3D220076172A /* RecipeCardView.swift */; };
		77FACA9D2EACADC20076172A /* TranslationService.swift in Sources */ = {isa = PBXBuildFile; fileRef = 77FACA9C2EACADC20076172A /* TranslationService.swift */; };
		77FACA9F2EACCFF50076172A /* HebrewTranslation.swift in Sources */ = {isa = PBXBuildFile; fileRef = 77FACA9E2EACCFF50076172A /* HebrewTranslation.swift */; };
/* End PBXBuildFile section */

/* Begin PBXContainerItemProxy section */
		77DEAD222EAC0BAD007FF968 /* PBXContainerItemProxy */ = {
			isa = PBXContainerItemProxy;
			containerPortal = 77DEAD032EAC0BAA007FF968 /* Project object */;
			proxyType = 1;
			remoteGlobalIDString = 77DEAD0A2EAC0BAB007FF968;
			remoteInfo = "What's In My Fridge";
		};
		77DEAD2C2EAC0BAD007FF968 /* PBXContainerItemProxy */ = {
			isa = PBXContainerItemProxy;
			containerPortal = 77DEAD032EAC0BAA007FF968 /* Project object */;
			proxyType = 1;
			remoteGlobalIDString = 77DEAD0A2EAC0BAB007FF968;
			remoteInfo = "What's In My Fridge";
		};
/* End PBXContainerItemProxy section */

/* Begin PBXFileReference section */
		77DEAD0B2EAC0BAB007FF968 /* What's In My Fridge.app */ = {isa = PBXFileReference; explicitFileType = wrapper.application; includeInIndex = 0; path = "What's In My Fridge.app"; sourceTree = BUILT_PRODUCTS_DIR; };
		77DEAD0E2EAC0BAB007FF968 /* What_s_In_My_FridgeApp.swift */ = {isa = PBXFileReference; lastKnownFileType = sourcecode.swift; path = What_s_In_My_FridgeApp.swift; sourceTree = "<group>"; };
		77DEAD102EAC0BAB007FF968 /* Persistence.swift */ = {isa = PBXFileReference; lastKnownFileType = sourcecode.swift; path = Persistence.swift; sourceTree = "<group>"; };
		77DEAD132EAC0BAB007FF968 /* What_s_In_My_Fridge.xcdatamodel */ = {isa = PBXFileReference; lastKnownFileType = wrapper.xcdatamodel; path = What_s_In_My_Fridge.xcdatamodel; sourceTree = "<group>"; };
		77DEAD152EAC0BAB007FF968 /* ContentView.swift */ = {isa = PBXFileReference; lastKnownFileType = sourcecode.swift; path = ContentView.swift; sourceTree = "<group>"; };
		77DEAD172EAC0BAD007FF968 /* Assets.xcassets */ = {isa = PBXFileReference; lastKnownFileType = folder.assetcatalog; path = Assets.xcassets; sourceTree = "<group>"; };
		77DEAD192EAC0BAD007FF968 /* What_s_In_My_Fridge.entitlements */ = {isa = PBXFileReference; lastKnownFileType = text.plist.entitlements; path = What_s_In_My_Fridge.entitlements; sourceTree = "<group>"; };
		77DEAD1B2EAC0BAD007FF968 /* Preview Assets.xcassets */ = {isa = PBXFileReference; lastKnownFileType = folder.assetcatalog; path = "Preview Assets.xcassets"; sourceTree = "<group>"; };
		77DEAD212EAC0BAD007FF968 /* What's In My FridgeTests.xctest */ = {isa = PBXFileReference; explicitFileType = wrapper.cfbundle; includeInIndex = 0; path = "What's In My FridgeTests.xctest"; sourceTree = BUILT_PRODUCTS_DIR; };
		77DEAD252EAC0BAD007FF968 /* What_s_In_My_FridgeTests.swift */ = {isa = PBXFileReference; lastKnownFileType = sourcecode.swift; path = What_s_In_My_FridgeTests.swift; sourceTree = "<group>"; };
		77DEAD2B2EAC0BAD007FF968 /* What's In My FridgeUITests.xctest */ = {isa = PBXFileReference; explicitFileType = wrapper.cfbundle; includeInIndex = 0; path = "What's In My FridgeUITests.xctest"; sourceTree = BUILT_PRODUCTS_DIR; };
		77DEAD2F2EAC0BAD007FF968 /* What_s_In_My_FridgeUITests.swift */ = {isa = PBXFileReference; lastKnownFileType = sourcecode.swift; path = What_s_In_My_FridgeUITests.swift; sourceTree = "<group>"; };
		77DEAD312EAC0BAD007FF968 /* What_s_In_My_FridgeUITestsLaunchTests.swift */ = {isa = PBXFileReference; lastKnownFileType = sourcecode.swift; path = What_s_In_My_FridgeUITestsLaunchTests.swift; sourceTree = "<group>"; };
		77DEAD3F2EAC1111007FF968 /* PantryModel.xcdatamodel */ = {isa = PBXFileReference; lastKnownFileType = wrapper.xcdatamodel; path = PantryModel.xcdatamodel; sourceTree = "<group>"; };
		77DEAD432EAC170B007FF968 /* RecipeModels.swift */ = {isa = PBXFileReference; lastKnownFileType = sourcecode.swift; path = RecipeModels.swift; sourceTree = "<group>"; };
		77DEAD452EAC1737007FF968 /* RecipeService.swift */ = {isa = PBXFileReference; lastKnownFileType = sourcecode.swift; path = RecipeService.swift; sourceTree = "<group>"; };
		77DEAD472EAC1B56007FF968 /* What-s-In-My-Fridge-Info.plist */ = {isa = PBXFileReference; lastKnownFileType = text.plist; path = "What-s-In-My-Fridge-Info.plist"; sourceTree = SOURCE_ROOT; };
		77DEAD482EAC227D007FF968 /* RecipeDetailView.swift */ = {isa = PBXFileReference; lastKnownFileType = sourcecode.swift; path = RecipeDetailView.swift; sourceTree = "<group>"; };
		77FACA8E2EAC32CF0076172A /* ShoppingListView.swift */ = {isa = PBXFileReference; lastKnownFileType = sourcecode.swift; path = ShoppingListView.swift; sourceTree = "<group>"; };
		77FACA902EAC399D0076172A /* MainTabView.swift */ = {isa = PBXFileReference; lastKnownFileType = sourcecode.swift; path = MainTabView.swift; sourceTree = "<group>"; };
		77FACA922EAC3A5F0076172A /* PantryView.swift */ = {isa = PBXFileReference; lastKnownFileType = sourcecode.swift; path = PantryView.swift; sourceTree = "<group>"; };
		77FACA942EAC3A820076172A /* RecipeView.swift */ = {isa = PBXFileReference; lastKnownFileType = sourcecode.swift; path = RecipeView.swift; sourceTree = "<group>"; };
		77FACA962EAC3B990076172A /* DiscoverView.swift */ = {isa = PBXFileReference; lastKnownFileType = sourcecode.swift; path = DiscoverView.swift; sourceTree = "<group>"; };
		77FACA982EAC3CFA0076172A /* Theme.swift */ = {isa = PBXFileReference; lastKnownFileType = sourcecode.swift; path = Theme.swift; sourceTree = "<group>"; };
		77FACA9A2EAC3D220076172A /* RecipeCardView.swift */ = {isa = PBXFileReference; lastKnownFileType = sourcecode.swift; path = RecipeCardView.swift; sourceTree = "<group>"; };
		77FACA9C2EACADC20076172A /* TranslationService.swift */ = {isa = PBXFileReference; lastKnownFileType = sourcecode.swift; path = TranslationService.swift; sourceTree = "<group>"; };
		77FACA9E2EACCFF50076172A /* HebrewTranslation.swift */ = {isa = PBXFileReference; lastKnownFileType = sourcecode.swift; path = HebrewTranslation.swift; sourceTree = "<group>"; };
/* End PBXFileReference section */

/* Begin PBXFrameworksBuildPhase section */
		77DEAD082EAC0BAB007FF968 /* Frameworks */ = {
			isa = PBXFrameworksBuildPhase;
			buildActionMask = 2147483647;
			files = (
			);
			runOnlyForDeploymentPostprocessing = 0;
		};
		77DEAD1E2EAC0BAD007FF968 /* Frameworks */ = {
			isa = PBXFrameworksBuildPhase;
			buildActionMask = 2147483647;
			files = (
			);
			runOnlyForDeploymentPostprocessing = 0;
		};
		77DEAD282EAC0BAD007FF968 /* Frameworks */ = {
			isa = PBXFrameworksBuildPhase;
			buildActionMask = 2147483647;
			files = (
			);
			runOnlyForDeploymentPostprocessing = 0;
		};
/* End PBXFrameworksBuildPhase section */

/* Begin PBXGroup section */
		77DEAD022EAC0BAA007FF968 = {
			isa = PBXGroup;
			children = (
				77FACA9E2EACCFF50076172A /* HebrewTranslation.swift */,
				77FACA9C2EACADC20076172A /* TranslationService.swift */,
				77FACA982EAC3CFA0076172A /* Theme.swift */,
				77FACA9A2EAC3D220076172A /* RecipeCardView.swift */,
				77FACA922EAC3A5F0076172A /* PantryView.swift */,
				77FACA942EAC3A820076172A /* RecipeView.swift */,
				77FACA902EAC399D0076172A /* MainTabView.swift */,
				77DEAD482EAC227D007FF968 /* RecipeDetailView.swift */,
				77DEAD3E2EAC1111007FF968 /* PantryModel.xcdatamodeld */,
				77FACA8E2EAC32CF0076172A /* ShoppingListView.swift */,
				77DEAD0D2EAC0BAB007FF968 /* What's In My Fridge */,
				77DEAD242EAC0BAD007FF968 /* What's In My FridgeTests */,
				77DEAD2E2EAC0BAD007FF968 /* What's In My FridgeUITests */,
				77DEAD0C2EAC0BAB007FF968 /* Products */,
			);
			sourceTree = "<group>";
		};
		77DEAD0C2EAC0BAB007FF968 /* Products */ = {
			isa = PBXGroup;
			children = (
				77DEAD0B2EAC0BAB007FF968 /* What's In My Fridge.app */,
				77DEAD212EAC0BAD007FF968 /* What's In My FridgeTests.xctest */,
				77DEAD2B2EAC0BAD007FF968 /* What's In My FridgeUITests.xctest */,
			);
			name = Products;
			sourceTree = "<group>";
		};
		77DEAD0D2EAC0BAB007FF968 /* What's In My Fridge */ = {
			isa = PBXGroup;
			children = (
				77DEAD472EAC1B56007FF968 /* What-s-In-My-Fridge-Info.plist */,
				77DEAD0E2EAC0BAB007FF968 /* What_s_In_My_FridgeApp.swift */,
				77DEAD102EAC0BAB007FF968 /* Persistence.swift */,
				77DEAD152EAC0BAB007FF968 /* ContentView.swift */,
				77DEAD432EAC170B007FF968 /* RecipeModels.swift */,
				77DEAD452EAC1737007FF968 /* RecipeService.swift */,
				77FACA962EAC3B990076172A /* DiscoverView.swift */,
				77DEAD172EAC0BAD007FF968 /* Assets.xcassets */,
				77DEAD192EAC0BAD007FF968 /* What_s_In_My_Fridge.entitlements */,
				77DEAD122EAC0BAB007FF968 /* What_s_In_My_Fridge.xcdatamodeld */,
				77DEAD1A2EAC0BAD007FF968 /* Preview Content */,
			);
			path = "What's In My Fridge";
			sourceTree = "<group>";
		};
		77DEAD1A2EAC0BAD007FF968 /* Preview Content */ = {
			isa = PBXGroup;
			children = (
				77DEAD1B2EAC0BAD007FF968 /* Preview Assets.xcassets */,
			);
			path = "Preview Content";
			sourceTree = "<group>";
		};
		77DEAD242EAC0BAD007FF968 /* What's In My FridgeTests */ = {
			isa = PBXGroup;
			children = (
				77DEAD252EAC0BAD007FF968 /* What_s_In_My_FridgeTests.swift */,
			);
			path = "What's In My FridgeTests";
			sourceTree = "<group>";
		};
		77DEAD2E2EAC0BAD007FF968 /* What's In My FridgeUITests */ = {
			isa = PBXGroup;
			children = (
				77DEAD2F2EAC0BAD007FF968 /* What_s_In_My_FridgeUITests.swift */,
				77DEAD312EAC0BAD007FF968 /* What_s_In_My_FridgeUITestsLaunchTests.swift */,
			);
			path = "What's In My FridgeUITests";
			sourceTree = "<group>";
		};
/* End PBXGroup section */

/* Begin PBXNativeTarget section */
		77DEAD0A2EAC0BAB007FF968 /* What's In My Fridge */ = {
			isa = PBXNativeTarget;
			buildConfigurationList = 77DEAD352EAC0BAD007FF968 /* Build configuration list for PBXNativeTarget "What's In My Fridge" */;
			buildPhases = (
				77DEAD072EAC0BAB007FF968 /* Sources */,
				77DEAD082EAC0BAB007FF968 /* Frameworks */,
				77DEAD092EAC0BAB007FF968 /* Resources */,
			);
			buildRules = (
			);
			dependencies = (
			);
			name = "What's In My Fridge";
			productName = "What's In My Fridge";
			productReference = 77DEAD0B2EAC0BAB007FF968 /* What's In My Fridge.app */;
			productType = "com.apple.product-type.application";
		};
		77DEAD202EAC0BAD007FF968 /* What's In My FridgeTests */ = {
			isa = PBXNativeTarget;
			buildConfigurationList = 77DEAD382EAC0BAD007FF968 /* Build configuration list for PBXNativeTarget "What's In My FridgeTests" */;
			buildPhases = (
				77DEAD1D2EAC0BAD007FF968 /* Sources */,
				77DEAD1E2EAC0BAD007FF968 /* Frameworks */,
				77DEAD1F2EAC0BAD007FF968 /* Resources */,
			);
			buildRules = (
			);
			dependencies = (
				77DEAD232EAC0BAD007FF968 /* PBXTargetDependency */,
			);
			name = "What's In My FridgeTests";
			productName = "What's In My FridgeTests";
			productReference = 77DEAD212EAC0BAD007FF968 /* What's In My FridgeTests.xctest */;
			productType = "com.apple.product-type.bundle.unit-test";
		};
		77DEAD2A2EAC0BAD007FF968 /* What's In My FridgeUITests */ = {
			isa = PBXNativeTarget;
			buildConfigurationList = 77DEAD3B2EAC0BAD007FF968 /* Build configuration list for PBXNativeTarget "What's In My FridgeUITests" */;
			buildPhases = (
				77DEAD272EAC0BAD007FF968 /* Sources */,
				77DEAD282EAC0BAD007FF968 /* Frameworks */,
				77DEAD292EAC0BAD007FF968 /* Resources */,
			);
			buildRules = (
			);
			dependencies = (
				77DEAD2D2EAC0BAD007FF968 /* PBXTargetDependency */,
			);
			name = "What's In My FridgeUITests";
			productName = "What's In My FridgeUITests";
			productReference = 77DEAD2B2EAC0BAD007FF968 /* What's In My FridgeUITests.xctest */;
			productType = "com.apple.product-type.bundle.ui-testing";
		};
/* End PBXNativeTarget section */

/* Begin PBXProject section */
		77DEAD032EAC0BAA007FF968 /* Project object */ = {
			isa = PBXProject;
			attributes = {
				BuildIndependentTargetsInParallel = 1;
				LastSwiftUpdateCheck = 1420;
				LastUpgradeCheck = 1420;
				TargetAttributes = {
					77DEAD0A2EAC0BAB007FF968 = {
						CreatedOnToolsVersion = 14.2;
					};
					77DEAD202EAC0BAD007FF968 = {
						CreatedOnToolsVersion = 14.2;
						TestTargetID = 77DEAD0A2EAC0BAB007FF968;
					};
					77DEAD2A2EAC0BAD007FF968 = {
						CreatedOnToolsVersion = 14.2;
						TestTargetID = 77DEAD0A2EAC0BAB007FF968;
					};
				};
			};
			buildConfigurationList = 77DEAD062EAC0BAA007FF968 /* Build configuration list for PBXProject "What's In My Fridge" */;
			compatibilityVersion = "Xcode 14.0";
			developmentRegion = en;
			hasScannedForEncodings = 0;
			knownRegions = (
				en,
				Base,
			);
			mainGroup = 77DEAD022EAC0BAA007FF968;
			productRefGroup = 77DEAD0C2EAC0BAB007FF968 /* Products */;
			projectDirPath = "";
			projectRoot = "";
			targets = (
				77DEAD0A2EAC0BAB007FF968 /* What's In My Fridge */,
				77DEAD202EAC0BAD007FF968 /* What's In My FridgeTests */,
				77DEAD2A2EAC0BAD007FF968 /* What's In My FridgeUITests */,
			);
		};
/* End PBXProject section */

/* Begin PBXResourcesBuildPhase section */
		77DEAD092EAC0BAB007FF968 /* Resources */ = {
			isa = PBXResourcesBuildPhase;
			buildActionMask = 2147483647;
			files = (
				77DEAD1C2EAC0BAD007FF968 /* Preview Assets.xcassets in Resources */,
				77DEAD182EAC0BAD007FF968 /* Assets.xcassets in Resources */,
			);
			runOnlyForDeploymentPostprocessing = 0;
		};
		77DEAD1F2EAC0BAD007FF968 /* Resources */ = {
			isa = PBXResourcesBuildPhase;
			buildActionMask = 2147483647;
			files = (
			);
			runOnlyForDeploymentPostprocessing = 0;
		};
		77DEAD292EAC0BAD007FF968 /* Resources */ = {
			isa = PBXResourcesBuildPhase;
			buildActionMask = 2147483647;
			files = (
			);
			runOnlyForDeploymentPostprocessing = 0;
		};
/* End PBXResourcesBuildPhase section */

/* Begin PBXSourcesBuildPhase section */
		77DEAD072EAC0BAB007FF968 /* Sources */ = {
			isa = PBXSourcesBuildPhase;
			buildActionMask = 2147483647;
			files = (
				77FACA9B2EAC3D220076172A /* RecipeCardView.swift in Sources */,
				77FACA8F2EAC32CF0076172A /* ShoppingListView.swift in Sources */,
				77FACA872EAC2B3B0076172A /* ContentView.swift in Sources */,
				77FACA912EAC399D0076172A /* MainTabView.swift in Sources */,
				77FACA8D2EAC2C620076172A /* PantryModel.xcdatamodeld in Sources */,
				77FACA992EAC3CFA0076172A /* Theme.swift in Sources */,
				77FACA952EAC3A820076172A /* RecipeView.swift in Sources */,
				77FACA932EAC3A5F0076172A /* PantryView.swift in Sources */,
				77FACA882EAC2B3B0076172A /* RecipeModels.swift in Sources */,
				77FACA892EAC2B3B0076172A /* RecipeService.swift in Sources */,
				77FACA842EAC2B320076172A /* RecipeDetailView.swift in Sources */,
				77FACA9D2EACADC20076172A /* TranslationService.swift in Sources */,
				77FACA852EAC2B320076172A /* What_s_In_My_FridgeApp.swift in Sources */,
				77FACA862EAC2B320076172A /* Persistence.swift in Sources */,
				77FACA9F2EACCFF50076172A /* HebrewTranslation.swift in Sources */,
				77FACA972EAC3B990076172A /* DiscoverView.swift in Sources */,
			);
			runOnlyForDeploymentPostprocessing = 0;
		};
		77DEAD1D2EAC0BAD007FF968 /* Sources */ = {
			isa = PBXSourcesBuildPhase;
			buildActionMask = 2147483647;
			files = (
				77DEAD262EAC0BAD007FF968 /* What_s_In_My_FridgeTests.swift in Sources */,
			);
			runOnlyForDeploymentPostprocessing = 0;
		};
		77DEAD272EAC0BAD007FF968 /* Sources */ = {
			isa = PBXSourcesBuildPhase;
			buildActionMask = 2147483647;
			files = (
				77DEAD322EAC0BAD007FF968 /* What_s_In_My_FridgeUITestsLaunchTests.swift in Sources */,
				77DEAD302EAC0BAD007FF968 /* What_s_In_My_FridgeUITests.swift in Sources */,
			);
			runOnlyForDeploymentPostprocessing = 0;
		};
/* End PBXSourcesBuildPhase section */

/* Begin PBXTargetDependency section */
		77DEAD232EAC0BAD007FF968 /* PBXTargetDependency */ = {
			isa = PBXTargetDependency;
			target = 77DEAD0A2EAC0BAB007FF968 /* What's In My Fridge */;
			targetProxy = 77DEAD222EAC0BAD007FF968 /* PBXContainerItemProxy */;
		};
		77DEAD2D2EAC0BAD007FF968 /* PBXTargetDependency */ = {
			isa = PBXTargetDependency;
			target = 77DEAD0A2EAC0BAB007FF968 /* What's In My Fridge */;
			targetProxy = 77DEAD2C2EAC0BAD007FF968 /* PBXContainerItemProxy */;
		};
/* End PBXTargetDependency section */

/* Begin XCBuildConfiguration section */
		77DEAD332EAC0BAD007FF968 /* Debug */ = {
			isa = XCBuildConfiguration;
			buildSettings = {
				ALWAYS_SEARCH_USER_PATHS = NO;
				CLANG_ANALYZER_NONNULL = YES;
				CLANG_ANALYZER_NUMBER_OBJECT_CONVERSION = YES_AGGRESSIVE;
				CLANG_CXX_LANGUAGE_STANDARD = "gnu++20";
				CLANG_ENABLE_MODULES = YES;
				CLANG_ENABLE_OBJC_ARC = YES;
				CLANG_ENABLE_OBJC_WEAK = YES;
				CLANG_WARN_BLOCK_CAPTURE_AUTORELEASING = YES;
				CLANG_WARN_BOOL_CONVERSION = YES;
				CLANG_WARN_COMMA = YES;
				CLANG_WARN_CONSTANT_CONVERSION = YES;
				CLANG_WARN_DEPRECATED_OBJC_IMPLEMENTATIONS = YES;
				CLANG_WARN_DIRECT_OBJC_ISA_USAGE = YES_ERROR;
				CLANG_WARN_DOCUMENTATION_COMMENTS = YES;
				CLANG_WARN_EMPTY_BODY = YES;
				CLANG_WARN_ENUM_CONVERSION = YES;
				CLANG_WARN_INFINITE_RECURSION = YES;
				CLANG_WARN_INT_CONVERSION = YES;
				CLANG_WARN_NON_LITERAL_NULL_CONVERSION = YES;
				CLANG_WARN_OBJC_IMPLICIT_RETAIN_SELF = YES;
				CLANG_WARN_OBJC_LITERAL_CONVERSION = YES;
				CLANG_WARN_OBJC_ROOT_CLASS = YES_ERROR;
				CLANG_WARN_QUOTED_INCLUDE_IN_FRAMEWORK_HEADER = YES;
				CLANG_WARN_RANGE_LOOP_ANALYSIS = YES;
				CLANG_WARN_STRICT_PROTOTYPES = YES;
				CLANG_WARN_SUSPICIOUS_MOVE = YES;
				CLANG_WARN_UNGUARDED_AVAILABILITY = YES_AGGRESSIVE;
				CLANG_WARN_UNREACHABLE_CODE = YES;
				CLANG_WARN__DUPLICATE_METHOD_MATCH = YES;
				COPY_PHASE_STRIP = NO;
				DEBUG_INFORMATION_FORMAT = dwarf;
				ENABLE_STRICT_OBJC_MSGSEND = YES;
				ENABLE_TESTABILITY = YES;
				GCC_C_LANGUAGE_STANDARD = gnu11;
				GCC_DYNAMIC_NO_PIC = NO;
				GCC_NO_COMMON_BLOCKS = YES;
				GCC_OPTIMIZATION_LEVEL = 0;
				GCC_PREPROCESSOR_DEFINITIONS = (
					"DEBUG=1",
					"$(inherited)",
				);
				GCC_WARN_64_TO_32_BIT_CONVERSION = YES;
				GCC_WARN_ABOUT_RETURN_TYPE = YES_ERROR;
				GCC_WARN_UNDECLARED_SELECTOR = YES;
				GCC_WARN_UNINITIALIZED_AUTOS = YES_AGGRESSIVE;
				GCC_WARN_UNUSED_FUNCTION = YES;
				GCC_WARN_UNUSED_VARIABLE = YES;
				MTL_ENABLE_DEBUG_INFO = INCLUDE_SOURCE;
				MTL_FAST_MATH = YES;
				ONLY_ACTIVE_ARCH = YES;
				SWIFT_ACTIVE_COMPILATION_CONDITIONS = DEBUG;
				SWIFT_OPTIMIZATION_LEVEL = "-Onone";
			};
			name = Debug;
		};
		77DEAD342EAC0BAD007FF968 /* Release */ = {
			isa = XCBuildConfiguration;
			buildSettings = {
				ALWAYS_SEARCH_USER_PATHS = NO;
				CLANG_ANALYZER_NONNULL = YES;
				CLANG_ANALYZER_NUMBER_OBJECT_CONVERSION = YES_AGGRESSIVE;
				CLANG_CXX_LANGUAGE_STANDARD = "gnu++20";
				CLANG_ENABLE_MODULES = YES;
				CLANG_ENABLE_OBJC_ARC = YES;
				CLANG_ENABLE_OBJC_WEAK = YES;
				CLANG_WARN_BLOCK_CAPTURE_AUTORELEASING = YES;
				CLANG_WARN_BOOL_CONVERSION = YES;
				CLANG_WARN_COMMA = YES;
				CLANG_WARN_CONSTANT_CONVERSION = YES;
				CLANG_WARN_DEPRECATED_OBJC_IMPLEMENTATIONS = YES;
				CLANG_WARN_DIRECT_OBJC_ISA_USAGE = YES_ERROR;
				CLANG_WARN_DOCUMENTATION_COMMENTS = YES;
				CLANG_WARN_EMPTY_BODY = YES;
				CLANG_WARN_ENUM_CONVERSION = YES;
				CLANG_WARN_INFINITE_RECURSION = YES;
				CLANG_WARN_INT_CONVERSION = YES;
				CLANG_WARN_NON_LITERAL_NULL_CONVERSION = YES;
				CLANG_WARN_OBJC_IMPLICIT_RETAIN_SELF = YES;
				CLANG_WARN_OBJC_LITERAL_CONVERSION = YES;
				CLANG_WARN_OBJC_ROOT_CLASS = YES_ERROR;
				CLANG_WARN_QUOTED_INCLUDE_IN_FRAMEWORK_HEADER = YES;
				CLANG_WARN_RANGE_LOOP_ANALYSIS = YES;
				CLANG_WARN_STRICT_PROTOTYPES = YES;
				CLANG_WARN_SUSPICIOUS_MOVE = YES;
				CLANG_WARN_UNGUARDED_AVAILABILITY = YES_AGGRESSIVE;
				CLANG_WARN_UNREACHABLE_CODE = YES;
				CLANG_WARN__DUPLICATE_METHOD_MATCH = YES;
				COPY_PHASE_STRIP = NO;
				DEBUG_INFORMATION_FORMAT = "dwarf-with-dsym";
				ENABLE_NS_ASSERTIONS = NO;
				ENABLE_STRICT_OBJC_MSGSEND = YES;
				GCC_C_LANGUAGE_STANDARD = gnu11;
				GCC_NO_COMMON_BLOCKS = YES;
				GCC_WARN_64_TO_32_BIT_CONVERSION = YES;
				GCC_WARN_ABOUT_RETURN_TYPE = YES_ERROR;
				GCC_WARN_UNDECLARED_SELECTOR = YES;
				GCC_WARN_UNINITIALIZED_AUTOS = YES_AGGRESSIVE;
				GCC_WARN_UNUSED_FUNCTION = YES;
				GCC_WARN_UNUSED_VARIABLE = YES;
				MTL_ENABLE_DEBUG_INFO = NO;
				MTL_FAST_MATH = YES;
				SWIFT_COMPILATION_MODE = wholemodule;
				SWIFT_OPTIMIZATION_LEVEL = "-O";
			};
			name = Release;
		};
		77DEAD362EAC0BAD007FF968 /* Debug */ = {
			isa = XCBuildConfiguration;
			buildSettings = {
				ASSETCATALOG_COMPILER_APPICON_NAME = AppIcon;
				ASSETCATALOG_COMPILER_GLOBAL_ACCENT_COLOR_NAME = AccentColor;
				CODE_SIGN_ENTITLEMENTS = "What's In My Fridge/What_s_In_My_Fridge.entitlements";
				CODE_SIGN_STYLE = Automatic;
				CURRENT_PROJECT_VERSION = 1;
				DEVELOPMENT_ASSET_PATHS = "\"What's In My Fridge/Preview Content\"";
				DEVELOPMENT_TEAM = G7VY9LM6VG;
				ENABLE_HARDENED_RUNTIME = YES;
				ENABLE_PREVIEWS = YES;
				GENERATE_INFOPLIST_FILE = YES;
				INFOPLIST_FILE = "What-s-In-My-Fridge-Info.plist";
				"INFOPLIST_KEY_UIApplicationSceneManifest_Generation[sdk=iphoneos*]" = YES;
				"INFOPLIST_KEY_UIApplicationSceneManifest_Generation[sdk=iphonesimulator*]" = YES;
				"INFOPLIST_KEY_UIApplicationSupportsIndirectInputEvents[sdk=iphoneos*]" = YES;
				"INFOPLIST_KEY_UIApplicationSupportsIndirectInputEvents[sdk=iphonesimulator*]" = YES;
				"INFOPLIST_KEY_UILaunchScreen_Generation[sdk=iphoneos*]" = YES;
				"INFOPLIST_KEY_UILaunchScreen_Generation[sdk=iphonesimulator*]" = YES;
				"INFOPLIST_KEY_UIStatusBarStyle[sdk=iphoneos*]" = UIStatusBarStyleDefault;
				"INFOPLIST_KEY_UIStatusBarStyle[sdk=iphonesimulator*]" = UIStatusBarStyleDefault;
				INFOPLIST_KEY_UISupportedInterfaceOrientations_iPad = "UIInterfaceOrientationPortrait UIInterfaceOrientationPortraitUpsideDown UIInterfaceOrientationLandscapeLeft UIInterfaceOrientationLandscapeRight";
				INFOPLIST_KEY_UISupportedInterfaceOrientations_iPhone = "UIInterfaceOrientationPortrait UIInterfaceOrientationLandscapeLeft UIInterfaceOrientationLandscapeRight";
				IPHONEOS_DEPLOYMENT_TARGET = 16.2;
				LD_RUNPATH_SEARCH_PATHS = "@executable_path/Frameworks";
				"LD_RUNPATH_SEARCH_PATHS[sdk=macosx*]" = "@executable_path/../Frameworks";
				MACOSX_DEPLOYMENT_TARGET = 12.7;
				MARKETING_VERSION = 1.0;
				PRODUCT_BUNDLE_IDENTIFIER = "RaziDev.What-s-In-My-Fridge";
				PRODUCT_NAME = "$(TARGET_NAME)";
				SDKROOT = auto;
				SUPPORTED_PLATFORMS = "iphoneos iphonesimulator macosx";
				SWIFT_EMIT_LOC_STRINGS = YES;
				SWIFT_VERSION = 5.0;
				TARGETED_DEVICE_FAMILY = "1,2";
			};
			name = Debug;
		};
		77DEAD372EAC0BAD007FF968 /* Release */ = {
			isa = XCBuildConfiguration;
			buildSettings = {
				ASSETCATALOG_COMPILER_APPICON_NAME = AppIcon;
				ASSETCATALOG_COMPILER_GLOBAL_ACCENT_COLOR_NAME = AccentColor;
				CODE_SIGN_ENTITLEMENTS = "What's In My Fridge/What_s_In_My_Fridge.entitlements";
				CODE_SIGN_STYLE = Automatic;
				CURRENT_PROJECT_VERSION = 1;
				DEVELOPMENT_ASSET_PATHS = "\"What's In My Fridge/Preview Content\"";
				DEVELOPMENT_TEAM = G7VY9LM6VG;
				ENABLE_HARDENED_RUNTIME = YES;
				ENABLE_PREVIEWS = YES;
				GENERATE_INFOPLIST_FILE = YES;
				INFOPLIST_FILE = "What-s-In-My-Fridge-Info.plist";
				"INFOPLIST_KEY_UIApplicationSceneManifest_Generation[sdk=iphoneos*]" = YES;
				"INFOPLIST_KEY_UIApplicationSceneManifest_Generation[sdk=iphonesimulator*]" = YES;
				"INFOPLIST_KEY_UIApplicationSupportsIndirectInputEvents[sdk=iphoneos*]" = YES;
				"INFOPLIST_KEY_UIApplicationSupportsIndirectInputEvents[sdk=iphonesimulator*]" = YES;
				"INFOPLIST_KEY_UILaunchScreen_Generation[sdk=iphoneos*]" = YES;
				"INFOPLIST_KEY_UILaunchScreen_Generation[sdk=iphonesimulator*]" = YES;
				"INFOPLIST_KEY_UIStatusBarStyle[sdk=iphoneos*]" = UIStatusBarStyleDefault;
				"INFOPLIST_KEY_UIStatusBarStyle[sdk=iphonesimulator*]" = UIStatusBarStyleDefault;
				INFOPLIST_KEY_UISupportedInterfaceOrientations_iPad = "UIInterfaceOrientationPortrait UIInterfaceOrientationPortraitUpsideDown UIInterfaceOrientationLandscapeLeft UIInterfaceOrientationLandscapeRight";
				INFOPLIST_KEY_UISupportedInterfaceOrientations_iPhone = "UIInterfaceOrientationPortrait UIInterfaceOrientationLandscapeLeft UIInterfaceOrientationLandscapeRight";
				IPHONEOS_DEPLOYMENT_TARGET = 16.2;
				LD_RUNPATH_SEARCH_PATHS = "@executable_path/Frameworks";
				"LD_RUNPATH_SEARCH_PATHS[sdk=macosx*]" = "@executable_path/../Frameworks";
				MACOSX_DEPLOYMENT_TARGET = 12.7;
				MARKETING_VERSION = 1.0;
				PRODUCT_BUNDLE_IDENTIFIER = "RaziDev.What-s-In-My-Fridge";
				PRODUCT_NAME = "$(TARGET_NAME)";
				SDKROOT = auto;
				SUPPORTED_PLATFORMS = "iphoneos iphonesimulator macosx";
				SWIFT_EMIT_LOC_STRINGS = YES;
				SWIFT_VERSION = 5.0;
				TARGETED_DEVICE_FAMILY = "1,2";
			};
			name = Release;
		};
		77DEAD392EAC0BAD007FF968 /* Debug */ = {
			isa = XCBuildConfiguration;
			buildSettings = {
				ALWAYS_EMBED_SWIFT_STANDARD_LIBRARIES = YES;
				BUNDLE_LOADER = "$(TEST_HOST)";
				CODE_SIGN_STYLE = Automatic;
				CURRENT_PROJECT_VERSION = 1;
				DEVELOPMENT_TEAM = G7VY9LM6VG;
				GENERATE_INFOPLIST_FILE = YES;
				IPHONEOS_DEPLOYMENT_TARGET = 16.2;
				MACOSX_DEPLOYMENT_TARGET = 12.7;
				MARKETING_VERSION = 1.0;
				PRODUCT_BUNDLE_IDENTIFIER = "RaziDev.What-s-In-My-FridgeTests";
				PRODUCT_NAME = "$(TARGET_NAME)";
				SDKROOT = auto;
				SUPPORTED_PLATFORMS = "iphoneos iphonesimulator macosx";
				SWIFT_EMIT_LOC_STRINGS = NO;
				SWIFT_VERSION = 5.0;
				TARGETED_DEVICE_FAMILY = "1,2";
				TEST_HOST = "$(BUILT_PRODUCTS_DIR)/What's In My Fridge.app/$(BUNDLE_EXECUTABLE_FOLDER_PATH)/What's In My Fridge";
			};
			name = Debug;
		};
		77DEAD3A2EAC0BAD007FF968 /* Release */ = {
			isa = XCBuildConfiguration;
			buildSettings = {
				ALWAYS_EMBED_SWIFT_STANDARD_LIBRARIES = YES;
				BUNDLE_LOADER = "$(TEST_HOST)";
				CODE_SIGN_STYLE = Automatic;
				CURRENT_PROJECT_VERSION = 1;
				DEVELOPMENT_TEAM = G7VY9LM6VG;
				GENERATE_INFOPLIST_FILE = YES;
				IPHONEOS_DEPLOYMENT_TARGET = 16.2;
				MACOSX_DEPLOYMENT_TARGET = 12.7;
				MARKETING_VERSION = 1.0;
				PRODUCT_BUNDLE_IDENTIFIER = "RaziDev.What-s-In-My-FridgeTests";
				PRODUCT_NAME = "$(TARGET_NAME)";
				SDKROOT = auto;
				SUPPORTED_PLATFORMS = "iphoneos iphonesimulator macosx";
				SWIFT_EMIT_LOC_STRINGS = NO;
				SWIFT_VERSION = 5.0;
				TARGETED_DEVICE_FAMILY = "1,2";
				TEST_HOST = "$(BUILT_PRODUCTS_DIR)/What's In My Fridge.app/$(BUNDLE_EXECUTABLE_FOLDER_PATH)/What's In My Fridge";
			};
			name = Release;
		};
		77DEAD3C2EAC0BAD007FF968 /* Debug */ = {
			isa = XCBuildConfiguration;
			buildSettings = {
				ALWAYS_EMBED_SWIFT_STANDARD_LIBRARIES = YES;
				CODE_SIGN_STYLE = Automatic;
				CURRENT_PROJECT_VERSION = 1;
				DEVELOPMENT_TEAM = G7VY9LM6VG;
				GENERATE_INFOPLIST_FILE = YES;
				IPHONEOS_DEPLOYMENT_TARGET = 16.2;
				MACOSX_DEPLOYMENT_TARGET = 12.7;
				MARKETING_VERSION = 1.0;
				PRODUCT_BUNDLE_IDENTIFIER = "RaziDev.What-s-In-My-FridgeUITests";
				PRODUCT_NAME = "$(TARGET_NAME)";
				SDKROOT = auto;
				SUPPORTED_PLATFORMS = "iphoneos iphonesimulator macosx";
				SWIFT_EMIT_LOC_STRINGS = NO;
				SWIFT_VERSION = 5.0;
				TARGETED_DEVICE_FAMILY = "1,2";
				TEST_TARGET_NAME = "What's In My Fridge";
			};
			name = Debug;
		};
		77DEAD3D2EAC0BAD007FF968 /* Release */ = {
			isa = XCBuildConfiguration;
			buildSettings = {
				ALWAYS_EMBED_SWIFT_STANDARD_LIBRARIES = YES;
				CODE_SIGN_STYLE = Automatic;
				CURRENT_PROJECT_VERSION = 1;
				DEVELOPMENT_TEAM = G7VY9LM6VG;
				GENERATE_INFOPLIST_FILE = YES;
				IPHONEOS_DEPLOYMENT_TARGET = 16.2;
				MACOSX_DEPLOYMENT_TARGET = 12.7;
				MARKETING_VERSION = 1.0;
				PRODUCT_BUNDLE_IDENTIFIER = "RaziDev.What-s-In-My-FridgeUITests";
				PRODUCT_NAME = "$(TARGET_NAME)";
				SDKROOT = auto;
				SUPPORTED_PLATFORMS = "iphoneos iphonesimulator macosx";
				SWIFT_EMIT_LOC_STRINGS = NO;
				SWIFT_VERSION = 5.0;
				TARGETED_DEVICE_FAMILY = "1,2";
				TEST_TARGET_NAME = "What's In My Fridge";
			};
			name = Release;
		};
/* End XCBuildConfiguration section */

/* Begin XCConfigurationList section */
		77DEAD062EAC0BAA007FF968 /* Build configuration list for PBXProject "What's In My Fridge" */ = {
			isa = XCConfigurationList;
			buildConfigurations = (
				77DEAD332EAC0BAD007FF968 /* Debug */,
				77DEAD342EAC0BAD007FF968 /* Release */,
			);
			defaultConfigurationIsVisible = 0;
			defaultConfigurationName = Release;
		};
		77DEAD352EAC0BAD007FF968 /* Build configuration list for PBXNativeTarget "What's In My Fridge" */ = {
			isa = XCConfigurationList;
			buildConfigurations = (
				77DEAD362EAC0BAD007FF968 /* Debug */,
				77DEAD372EAC0BAD007FF968 /* Release */,
			);
			defaultConfigurationIsVisible = 0;
			defaultConfigurationName = Release;
		};
		77DEAD382EAC0BAD007FF968 /* Build configuration list for PBXNativeTarget "What's In My FridgeTests" */ = {
			isa = XCConfigurationList;
			buildConfigurations = (
				77DEAD392EAC0BAD007FF968 /* Debug */,
				77DEAD3A2EAC0BAD007FF968 /* Release */,
			);
			defaultConfigurationIsVisible = 0;
			defaultConfigurationName = Release;
		};
		77DEAD3B2EAC0BAD007FF968 /* Build configuration list for PBXNativeTarget "What's In My FridgeUITests" */ = {
			isa = XCConfigurationList;
			buildConfigurations = (
				77DEAD3C2EAC0BAD007FF968 /* Debug */,
				77DEAD3D2EAC0BAD007FF968 /* Release */,
			);
			defaultConfigurationIsVisible = 0;
			defaultConfigurationName = Release;
		};
/* End XCConfigurationList section */

/* Begin XCVersionGroup section */
		77DEAD122EAC0BAB007FF968 /* What_s_In_My_Fridge.xcdatamodeld */ = {
			isa = XCVersionGroup;
			children = (
				77DEAD132EAC0BAB007FF968 /* What_s_In_My_Fridge.xcdatamodel */,
			);
			currentVersion = 77DEAD132EAC0BAB007FF968 /* What_s_In_My_Fridge.xcdatamodel */;
			path = What_s_In_My_Fridge.xcdatamodeld;
			sourceTree = "<group>";
			versionGroupType = wrapper.xcdatamodel;
		};
		77DEAD3E2EAC1111007FF968 /* PantryModel.xcdatamodeld */ = {
			isa = XCVersionGroup;
			children = (
				77DEAD3F2EAC1111007FF968 /* PantryModel.xcdatamodel */,
			);
			currentVersion = 77DEAD3F2EAC1111007FF968 /* PantryModel.xcdatamodel */;
			path = PantryModel.xcdatamodeld;
			sourceTree = "<group>";
			versionGroupType = wrapper.xcdatamodel;
		};
/* End XCVersionGroup section */
	};
	rootObject = 77DEAD032EAC0BAA007FF968 /* Project object */;
}
